
Microsoft Visual Studio Solution File, Format Version 12.00
# Visual Studio Version 16
VisualStudioVersion = 16.0.30717.126
MinimumVisualStudioVersion = 10.0.40219.1
Project("{FAE04EC0-301F-11D3-BF4B-00C04F79EFBC}") = "TenderParser", "TenderParser\TenderParser.csproj", "{ABF68438-A6AA-45DF-BD10-116726B46348}"
EndProject
Global
	GlobalSection(SolutionConfigurationPlatforms) = preSolution
		Debug|Any CPU = Debug|Any CPU
		Release|Any CPU = Release|Any CPU
	EndGlobalSection
	GlobalSection(ProjectConfigurationPlatforms) = postSolution
		{ABF68438-A6AA-45DF-BD10-116726B46348}.Debug|Any CPU.ActiveCfg = Debug|Any CPU
		{ABF68438-A6AA-45DF-BD10-116726B46348}.Debug|Any CPU.Build.0 = Debug|Any CPU
		{ABF68438-A6AA-45DF-BD10-116726B46348}.Release|Any CPU.ActiveCfg = Release|Any CPU
		{ABF68438-A6AA-45DF-BD10-116726B46348}.Release|Any CPU.Build.0 = Release|Any CPU
	EndGlobalSection
	GlobalSection(SolutionProperties) = preSolution
		HideSolutionNode = FALSE
	EndGlobalSection
	GlobalSection(ExtensibilityGlobals) = postSolution
		SolutionGuid = {001D3289-E21E-4FA3-A463-698763D3BF3B}
	EndGlobalSection
EndGlobal
